
Microsoft Visual Studio Solution File, Format Version 12.00
# Visual Studio Version 17
VisualStudioVersion = 17.11.35312.102
MinimumVisualStudioVersion = 10.0.40219.1
Project("{FAE04EC0-301F-11D3-BF4B-00C04F79EFBC}") = "AbsoluteCinema.Domain", "AbsoluteCinema.Domain\AbsoluteCinema.Domain.csproj", "{26ADA8D6-1345-480D-9F04-01BB79B6BD60}"
EndProject
Project("{FAE04EC0-301F-11D3-BF4B-00C04F79EFBC}") = "AbsoluteCinema.Application", "AbsoluteCinema.Application\AbsoluteCinema.Application.csproj", "{69BCA836-C759-4215-9B5C-AEFAE83BBB8A}"
EndProject
Project("{FAE04EC0-301F-11D3-BF4B-00C04F79EFBC}") = "AbsoluteCinema.Infrastructure", "AbsoluteCinema.Infrastructure\AbsoluteCinema.Infrastructure.csproj", "{D83FD906-9858-4C5C-B0AA-A542584CE98E}"
EndProject
Project("{FAE04EC0-301F-11D3-BF4B-00C04F79EFBC}") = "AbsoluteCinema.WebAPI", "AbsoluteCinema.WebAPI\AbsoluteCinema.WebAPI.csproj", "{EC472F68-E592-4E0B-B401-16E353CE2121}"
EndProject
Project("{2150E333-8FDC-42A3-9474-1A3956D46DE8}") = "Solution Items", "Solution Items", "{9DC3CCE7-1AC0-4021-AC67-FCCA9F76C678}"
	ProjectSection(SolutionItems) = preProject
		.gitignore = .gitignore
	EndProjectSection
EndProject
Project("{FAE04EC0-301F-11D3-BF4B-00C04F79EFBC}") = "AbsoluteCinema.Tests", "AbsoluteCinema.Tests\AbsoluteCinema.Tests.csproj", "{6A0D69D4-94B9-4723-B6A7-36B743A1205D}"
EndProject
Global
	GlobalSection(SolutionConfigurationPlatforms) = preSolution
		Debug|Any CPU = Debug|Any CPU
		Release|Any CPU = Release|Any CPU
	EndGlobalSection
	GlobalSection(ProjectConfigurationPlatforms) = postSolution
		{26ADA8D6-1345-480D-9F04-01BB79B6BD60}.Debug|Any CPU.ActiveCfg = Debug|Any CPU
		{26ADA8D6-1345-480D-9F04-01BB79B6BD60}.Debug|Any CPU.Build.0 = Debug|Any CPU
		{26ADA8D6-1345-480D-9F04-01BB79B6BD60}.Release|Any CPU.ActiveCfg = Release|Any CPU
		{26ADA8D6-1345-480D-9F04-01BB79B6BD60}.Release|Any CPU.Build.0 = Release|Any CPU
		{69BCA836-C759-4215-9B5C-AEFAE83BBB8A}.Debug|Any CPU.ActiveCfg = Debug|Any CPU
		{69BCA836-C759-4215-9B5C-AEFAE83BBB8A}.Debug|Any CPU.Build.0 = Debug|Any CPU
		{69BCA836-C759-4215-9B5C-AEFAE83BBB8A}.Release|Any CPU.ActiveCfg = Release|Any CPU
		{69BCA836-C759-4215-9B5C-AEFAE83BBB8A}.Release|Any CPU.Build.0 = Release|Any CPU
		{D83FD906-9858-4C5C-B0AA-A542584CE98E}.Debug|Any CPU.ActiveCfg = Debug|Any CPU
		{D83FD906-9858-4C5C-B0AA-A542584CE98E}.Debug|Any CPU.Build.0 = Debug|Any CPU
		{D83FD906-9858-4C5C-B0AA-A542584CE98E}.Release|Any CPU.ActiveCfg = Release|Any CPU
		{D83FD906-9858-4C5C-B0AA-A542584CE98E}.Release|Any CPU.Build.0 = Release|Any CPU
		{EC472F68-E592-4E0B-B401-16E353CE2121}.Debug|Any CPU.ActiveCfg = Debug|Any CPU
		{EC472F68-E592-4E0B-B401-16E353CE2121}.Debug|Any CPU.Build.0 = Debug|Any CPU
		{EC472F68-E592-4E0B-B401-16E353CE2121}.Release|Any CPU.ActiveCfg = Release|Any CPU
		{EC472F68-E592-4E0B-B401-16E353CE2121}.Release|Any CPU.Build.0 = Release|Any CPU
		{6A0D69D4-94B9-4723-B6A7-36B743A1205D}.Debug|Any CPU.ActiveCfg = Debug|Any CPU
		{6A0D69D4-94B9-4723-B6A7-36B743A1205D}.Debug|Any CPU.Build.0 = Debug|Any CPU
		{6A0D69D4-94B9-4723-B6A7-36B743A1205D}.Release|Any CPU.ActiveCfg = Release|Any CPU
		{6A0D69D4-94B9-4723-B6A7-36B743A1205D}.Release|Any CPU.Build.0 = Release|Any CPU
	EndGlobalSection
	GlobalSection(SolutionProperties) = preSolution
		HideSolutionNode = FALSE
	EndGlobalSection
	GlobalSection(ExtensibilityGlobals) = postSolution
		SolutionGuid = {B2FB4933-2B3B-497A-8F49-8FE0DB817F4F}
	EndGlobalSection
EndGlobal
